// !$*UTF8*$!
{
	archiveVersion = 1;
	classes = {
	};
	objectVersion = 50;
	objects = {

/* Begin PBXBuildFile section */
		57AD8B6B24487B4100CF10EE /* Capital.swift in Sources */ = {isa = PBXBuildFile; fileRef = 57AD8B6A24487B4100CF10EE /* Capital.swift */; };
		57E2D03F2448689400CAF845 /* AppDelegate.swift in Sources */ = {isa = PBXBuildFile; fileRef = 57E2D03E2448689400CAF845 /* AppDelegate.swift */; };
		57E2D0412448689400CAF845 /* SceneDelegate.swift in Sources */ = {isa = PBXBuildFile; fileRef = 57E2D0402448689400CAF845 /* SceneDelegate.swift */; };
		57E2D0432448689400CAF845 /* ViewController.swift in Sources */ = {isa = PBXBuildFile; fileRef = 57E2D0422448689400CAF845 /* ViewController.swift */; };
		57E2D0462448689400CAF845 /* Main.storyboard in Resources */ = {isa = PBXBuildFile; fileRef = 57E2D0442448689400CAF845 /* Main.storyboard */; };
		57E2D0482448689600CAF845 /* Assets.xcassets in Resources */ = {isa = PBXBuildFile; fileRef = 57E2D0472448689600CAF845 /* Assets.xcassets */; };
		57E2D04B2448689600CAF845 /* LaunchScreen.storyboard in Resources */ = {isa = PBXBuildFile; fileRef = 57E2D0492448689600CAF845 /* LaunchScreen.storyboard */; };
/* End PBXBuildFile section */

/* Begin PBXFileReference section */
		57AD8B6A24487B4100CF10EE /* Capital.swift */ = {isa = PBXFileReference; lastKnownFileType = sourcecode.swift; path = Capital.swift; sourceTree = "<group>"; };
		57E2D03B2448689400CAF845 /* Project16-MapKit.app */ = {isa = PBXFileReference; explicitFileType = wrapper.application; includeInIndex = 0; path = "Project16-MapKit.app"; sourceTree = BUILT_PRODUCTS_DIR; };
		57E2D03E2448689400CAF845 /* AppDelegate.swift */ = {isa = PBXFileReference; lastKnownFileType = sourcecode.swift; path = AppDelegate.swift; sourceTree = "<group>"; };
		57E2D0402448689400CAF845 /* SceneDelegate.swift */ = {isa = PBXFileReference; lastKnownFileType = sourcecode.swift; path = SceneDelegate.swift; sourceTree = "<group>"; };
		57E2D0422448689400CAF845 /* ViewController.swift */ = {isa = PBXFileReference; lastKnownFileType = sourcecode.swift; path = ViewController.swift; sourceTree = "<group>"; };
		57E2D0452448689400CAF845 /* Base */ = {isa = PBXFileReference; lastKnownFileType = file.storyboard; name = Base; path = Base.lproj/Main.storyboard; sourceTree = "<group>"; };
		57E2D0472448689600CAF845 /* Assets.xcassets */ = {isa = PBXFileReference; lastKnownFileType = folder.assetcatalog; path = Assets.xcassets; sourceTree = "<group>"; };
		57E2D04A2448689600CAF845 /* Base */ = {isa = PBXFileReference; lastKnownFileType = file.storyboard; name = Base; path = Base.lproj/LaunchScreen.storyboard; sourceTree = "<group>"; };
		57E2D04C2448689600CAF845 /* Info.plist */ = {isa = PBXFileReference; lastKnownFileType = text.plist.xml; path = Info.plist; sourceTree = "<group>"; };
/* End PBXFileReference section */

/* Begin PBXFrameworksBuildPhase section */
		57E2D0382448689400CAF845 /* Frameworks */ = {
			isa = PBXFrameworksBuildPhase;
			buildActionMask = 2147483647;
			files = (
			);
			runOnlyForDeploymentPostprocessing = 0;
		};
/* End PBXFrameworksBuildPhase section */

/* Begin PBXGroup section */
		57E2D0322448689400CAF845 = {
			isa = PBXGroup;
			children = (
				57E2D03D2448689400CAF845 /* Project16-MapKit */,
				57E2D03C2448689400CAF845 /* Products */,
			);
			sourceTree = "<group>";
		};
		57E2D03C2448689400CAF845 /* Products */ = {
			isa = PBXGroup;
			children = (
				57E2D03B2448689400CAF845 /* Project16-MapKit.app */,
			);
			name = Products;
			sourceTree = "<group>";
		};
		57E2D03D2448689400CAF845 /* Project16-MapKit */ = {
			isa = PBXGroup;
			children = (
				57E2D03E2448689400CAF845 /* AppDelegate.swift */,
				57E2D0402448689400CAF845 /* SceneDelegate.swift */,
				57E2D0422448689400CAF845 /* ViewController.swift */,
				57E2D0442448689400CAF845 /* Main.storyboard */,
				57AD8B6A24487B4100CF10EE /* Capital.swift */,
				57E2D0472448689600CAF845 /* Assets.xcassets */,
				57E2D0492448689600CAF845 /* LaunchScreen.storyboard */,
				57E2D04C2448689600CAF845 /* Info.plist */,
			);
			path = "Project16-MapKit";
			sourceTree = "<group>";
		};
/* End PBXGroup section */

/* Begin PBXNativeTarget section */
		57E2D03A2448689400CAF845 /* Project16-MapKit */ = {
			isa = PBXNativeTarget;
			buildConfigurationList = 57E2D04F2448689600CAF845 /* Build configuration list for PBXNativeTarget "Project16-MapKit" */;
			buildPhases = (
				57E2D0372448689400CAF845 /* Sources */,
				57E2D0382448689400CAF845 /* Frameworks */,
				57E2D0392448689400CAF845 /* Resources */,
			);
			buildRules = (
			);
			dependencies = (
			);
			name = "Project16-MapKit";
			productName = "Project16-MapKit";
			productReference = 57E2D03B2448689400CAF845 /* Project16-MapKit.app */;
			productType = "com.apple.product-type.application";
		};
/* End PBXNativeTarget section */

/* Begin PBXProject section */
		57E2D0332448689400CAF845 /* Project object */ = {
			isa = PBXProject;
			attributes = {
				LastSwiftUpdateCheck = 1140;
				LastUpgradeCheck = 1140;
				ORGANIZATIONNAME = "Ishaq Amin";
				TargetAttributes = {
					57E2D03A2448689400CAF845 = {
						CreatedOnToolsVersion = 11.4;
					};
				};
			};
			buildConfigurationList = 57E2D0362448689400CAF845 /* Build configuration list for PBXProject "Project16-MapKit" */;
			compatibilityVersion = "Xcode 9.3";
			developmentRegion = en;
			hasScannedForEncodings = 0;
			knownRegions = (
				en,
				Base,
			);
			mainGroup = 57E2D0322448689400CAF845;
			productRefGroup = 57E2D03C2448689400CAF845 /* Products */;
			projectDirPath = "";
			projectRoot = "";
			targets = (
				57E2D03A2448689400CAF845 /* Project16-MapKit */,
			);
		};
/* End PBXProject section */

/* Begin PBXResourcesBuildPhase section */
		57E2D0392448689400CAF845 /* Resources */ = {
			isa = PBXResourcesBuildPhase;
			buildActionMask = 2147483647;
			files = (
				57E2D04B2448689600CAF845 /* LaunchScreen.storyboard in Resources */,
				57E2D0482448689600CAF845 /* Assets.xcassets in Resources */,
				57E2D0462448689400CAF845 /* Main.storyboard in Resources */,
			);
			runOnlyForDeploymentPostprocessing = 0;
		};
/* End PBXResourcesBuildPhase section */

/* Begin PBXSourcesBuildPhase section */
		57E2D0372448689400CAF845 /* Sources */ = {
			isa = PBXSourcesBuildPhase;
			buildActionMask = 2147483647;
			files = (
				57E2D0432448689400CAF845 /* ViewController.swift in Sources */,
				57E2D03F2448689400CAF845 /* AppDelegate.swift in Sources */,
				57AD8B6B24487B4100CF10EE /* Capital.swift in Sources */,
				57E2D0412448689400CAF845 /* SceneDelegate.swift in Sources */,
			);
			runOnlyForDeploymentPostprocessing = 0;
		};
/* End PBXSourcesBuildPhase section */

/* Begin PBXVariantGroup section */
		57E2D0442448689400CAF845 /* Main.storyboard */ = {
			isa = PBXVariantGroup;
			children = (
				57E2D0452448689400CAF845 /* Base */,
			);
			name = Main.storyboard;
			sourceTree = "<group>";
		};
		57E2D0492448689600CAF845 /* LaunchScreen.storyboard */ = {
			isa = PBXVariantGroup;
			children = (
				57E2D04A2448689600CAF845 /* Base */,
			);
			name = LaunchScreen.storyboard;
			sourceTree = "<group>";
		};
/* End PBXVariantGroup section */

/* Begin XCBuildConfiguration section */
		57E2D04D2448689600CAF845 /* Debug */ = {
			isa = XCBuildConfiguration;
			buildSettings = {
				ALWAYS_SEARCH_USER_PATHS = NO;
				CLANG_ANALYZER_NONNULL = YES;
				CLANG_ANALYZER_NUMBER_OBJECT_CONVERSION = YES_AGGRESSIVE;
				CLANG_CXX_LANGUAGE_STANDARD = "gnu++14";
				CLANG_CXX_LIBRARY = "libc++";
				CLANG_ENABLE_MODULES = YES;
				CLANG_ENABLE_OBJC_ARC = YES;
				CLANG_ENABLE_OBJC_WEAK = YES;
				CLANG_WARN_BLOCK_CAPTURE_AUTORELEASING = YES;
				CLANG_WARN_BOOL_CONVERSION = YES;
				CLANG_WARN_COMMA = YES;
				CLANG_WARN_CONSTANT_CONVERSION = YES;
				CLANG_WARN_DEPRECATED_OBJC_IMPLEMENTATIONS = YES;
				CLANG_WARN_DIRECT_OBJC_ISA_USAGE = YES_ERROR;
				CLANG_WARN_DOCUMENTATION_COMMENTS = YES;
				CLANG_WARN_EMPTY_BODY = YES;
				CLANG_WARN_ENUM_CONVERSION = YES;
				CLANG_WARN_INFINITE_RECURSION = YES;
				CLANG_WARN_INT_CONVERSION = YES;
				CLANG_WARN_NON_LITERAL_NULL_CONVERSION = YES;
				CLANG_WARN_OBJC_IMPLICIT_RETAIN_SELF = YES;
				CLANG_WARN_OBJC_LITERAL_CONVERSION = YES;
				CLANG_WARN_OBJC_ROOT_CLASS = YES_ERROR;
				CLANG_WARN_RANGE_LOOP_ANALYSIS = YES;
				CLANG_WARN_STRICT_PROTOTYPES = YES;
				CLANG_WARN_SUSPICIOUS_MOVE = YES;
				CLANG_WARN_UNGUARDED_AVAILABILITY = YES_AGGRESSIVE;
				CLANG_WARN_UNREACHABLE_CODE = YES;
				CLANG_WARN__DUPLICATE_METHOD_MATCH = YES;
				COPY_PHASE_STRIP = NO;
				DEBUG_INFORMATION_FORMAT = dwarf;
				ENABLE_STRICT_OBJC_MSGSEND = YES;
				ENABLE_TESTABILITY = YES;
				GCC_C_LANGUAGE_STANDARD = gnu11;
				GCC_DYNAMIC_NO_PIC = NO;
				GCC_NO_COMMON_BLOCKS = YES;
				GCC_OPTIMIZATION_LEVEL = 0;
				GCC_PREPROCESSOR_DEFINITIONS = (
					"DEBUG=1",
					"$(inherited)",
				);
				GCC_WARN_64_TO_32_BIT_CONVERSION = YES;
				GCC_WARN_ABOUT_RETURN_TYPE = YES_ERROR;
				GCC_WARN_UNDECLARED_SELECTOR = YES;
				GCC_WARN_UNINITIALIZED_AUTOS = YES_AGGRESSIVE;
				GCC_WARN_UNUSED_FUNCTION = YES;
				GCC_WARN_UNUSED_VARIABLE = YES;
				IPHONEOS_DEPLOYMENT_TARGET = 13.4;
				MTL_ENABLE_DEBUG_INFO = INCLUDE_SOURCE;
				MTL_FAST_MATH = YES;
				ONLY_ACTIVE_ARCH = YES;
				SDKROOT = iphoneos;
				SWIFT_ACTIVE_COMPILATION_CONDITIONS = DEBUG;
				SWIFT_OPTIMIZATION_LEVEL = "-Onone";
			};
			name = Debug;
		};
		57E2D04E2448689600CAF845 /* Release */ = {
			isa = XCBuildConfiguration;
			buildSettings = {
				ALWAYS_SEARCH_USER_PATHS = NO;
				CLANG_ANALYZER_NONNULL = YES;
				CLANG_ANALYZER_NUMBER_OBJECT_CONVERSION = YES_AGGRESSIVE;
				CLANG_CXX_LANGUAGE_STANDARD = "gnu++14";
				CLANG_CXX_LIBRARY = "libc++";
				CLANG_ENABLE_MODULES = YES;
				CLANG_ENABLE_OBJC_ARC = YES;
				CLANG_ENABLE_OBJC_WEAK = YES;
				CLANG_WARN_BLOCK_CAPTURE_AUTORELEASING = YES;
				CLANG_WARN_BOOL_CONVERSION = YES;
				CLANG_WARN_COMMA = YES;
				CLANG_WARN_CONSTANT_CONVERSION = YES;
				CLANG_WARN_DEPRECATED_OBJC_IMPLEMENTATIONS = YES;
				CLANG_WARN_DIRECT_OBJC_ISA_USAGE = YES_ERROR;
				CLANG_WARN_DOCUMENTATION_COMMENTS = YES;
				CLANG_WARN_EMPTY_BODY = YES;
				CLANG_WARN_ENUM_CONVERSION = YES;
				CLANG_WARN_INFINITE_RECURSION = YES;
				CLANG_WARN_INT_CONVERSION = YES;
				CLANG_WARN_NON_LITERAL_NULL_CONVERSION = YES;
				CLANG_WARN_OBJC_IMPLICIT_RETAIN_SELF = YES;
				CLANG_WARN_OBJC_LITERAL_CONVERSION = YES;
				CLANG_WARN_OBJC_ROOT_CLASS = YES_ERROR;
				CLANG_WARN_RANGE_LOOP_ANALYSIS = YES;
				CLANG_WARN_STRICT_PROTOTYPES = YES;
				CLANG_WARN_SUSPICIOUS_MOVE = YES;
				CLANG_WARN_UNGUARDED_AVAILABILITY = YES_AGGRESSIVE;
				CLANG_WARN_UNREACHABLE_CODE = YES;
				CLANG_WARN__DUPLICATE_METHOD_MATCH = YES;
				COPY_PHASE_STRIP = NO;
				DEBUG_INFORMATION_FORMAT = "dwarf-with-dsym";
				ENABLE_NS_ASSERTIONS = NO;
				ENABLE_STRICT_OBJC_MSGSEND = YES;
				GCC_C_LANGUAGE_STANDARD = gnu11;
				GCC_NO_COMMON_BLOCKS = YES;
				GCC_WARN_64_TO_32_BIT_CONVERSION = YES;
				GCC_WARN_ABOUT_RETURN_TYPE = YES_ERROR;
				GCC_WARN_UNDECLARED_SELECTOR = YES;
				GCC_WARN_UNINITIALIZED_AUTOS = YES_AGGRESSIVE;
				GCC_WARN_UNUSED_FUNCTION = YES;
				GCC_WARN_UNUSED_VARIABLE = YES;
				IPHONEOS_DEPLOYMENT_TARGET = 13.4;
				MTL_ENABLE_DEBUG_INFO = NO;
				MTL_FAST_MATH = YES;
				SDKROOT = iphoneos;
				SWIFT_COMPILATION_MODE = wholemodule;
				SWIFT_OPTIMIZATION_LEVEL = "-O";
				VALIDATE_PRODUCT = YES;
			};
			name = Release;
		};
		57E2D0502448689600CAF845 /* Debug */ = {
			isa = XCBuildConfiguration;
			buildSettings = {
				ASSETCATALOG_COMPILER_APPICON_NAME = AppIcon;
				CODE_SIGN_STYLE = Automatic;
				DEVELOPMENT_TEAM = 9WZ2UFK7U5;
				INFOPLIST_FILE = "Project16-MapKit/Info.plist";
				LD_RUNPATH_SEARCH_PATHS = (
					"$(inherited)",
					"@executable_path/Frameworks",
				);
				PRODUCT_BUNDLE_IDENTIFIER = "Zack.Project16-MapKit";
				PRODUCT_NAME = "$(TARGET_NAME)";
				SWIFT_VERSION = 5.0;
				TARGETED_DEVICE_FAMILY = "1,2";
			};
			name = Debug;
		};
		57E2D0512448689600CAF845 /* Release */ = {
			isa = XCBuildConfiguration;
			buildSettings = {
				ASSETCATALOG_COMPILER_APPICON_NAME = AppIcon;
				CODE_SIGN_STYLE = Automatic;
				DEVELOPMENT_TEAM = 9WZ2UFK7U5;
				INFOPLIST_FILE = "Project16-MapKit/Info.plist";
				LD_RUNPATH_SEARCH_PATHS = (
					"$(inherited)",
					"@executable_path/Frameworks",
				);
				PRODUCT_BUNDLE_IDENTIFIER = "Zack.Project16-MapKit";
				PRODUCT_NAME = "$(TARGET_NAME)";
				SWIFT_VERSION = 5.0;
				TARGETED_DEVICE_FAMILY = "1,2";
			};
			name = Release;
		};
/* End XCBuildConfiguration section */

/* Begin XCConfigurationList section */
		57E2D0362448689400CAF845 /* Build configuration list for PBXProject "Project16-MapKit" */ = {
			isa = XCConfigurationList;
			buildConfigurations = (
				57E2D04D2448689600CAF845 /* Debug */,
				57E2D04E2448689600CAF845 /* Release */,
			);
			defaultConfigurationIsVisible = 0;
			defaultConfigurationName = Release;
		};
		57E2D04F2448689600CAF845 /* Build configuration list for PBXNativeTarget "Project16-MapKit" */ = {
			isa = XCConfigurationList;
			buildConfigurations = (
				57E2D0502448689600CAF845 /* Debug */,
				57E2D0512448689600CAF845 /* Release */,
			);
			defaultConfigurationIsVisible = 0;
			defaultConfigurationName = Release;
		};
/* End XCConfigurationList section */
	};
	rootObject = 57E2D0332448689400CAF845 /* Project object */;
}
